
Microsoft Visual Studio Solution File, Format Version 10.00
# Visual Studio 2008
Project("{8BC9CEB8-8B4A-11D0-8D11-00A0C91BC942}") = "LaoKa", "LaoKa\LaoKa.vcproj", "{5CF29C64-6D1E-4853-A1E6-31509E90F105}"
EndProject
Project("{8BC9CEB8-8B4A-11D0-8D11-00A0C91BC942}") = "LaoDLL", "LaoDLL\LaoDLL.vcproj", "{FF914587-279C-4AF3-B845-F7179DDD71E6}"
EndProject
Global
	GlobalSection(SolutionConfigurationPlatforms) = preSolution
		Debug|Win32 = Debug|Win32
		Release|Win32 = Release|Win32
	EndGlobalSection
	GlobalSection(ProjectConfigurationPlatforms) = postSolution
		{5CF29C64-6D1E-4853-A1E6-31509E90F105}.Debug|Win32.ActiveCfg = Debug|Win32
		{5CF29C64-6D1E-4853-A1E6-31509E90F105}.Debug|Win32.Build.0 = Debug|Win32
		{5CF29C64-6D1E-4853-A1E6-31509E90F105}.Release|Win32.ActiveCfg = Release|Win32
		{5CF29C64-6D1E-4853-A1E6-31509E90F105}.Release|Win32.Build.0 = Release|Win32
		{FF914587-279C-4AF3-B845-F7179DDD71E6}.Debug|Win32.ActiveCfg = Debug|Win32
		{FF914587-279C-4AF3-B845-F7179DDD71E6}.Debug|Win32.Build.0 = Debug|Win32
		{FF914587-279C-4AF3-B845-F7179DDD71E6}.Release|Win32.ActiveCfg = Release|Win32
		{FF914587-279C-4AF3-B845-F7179DDD71E6}.Release|Win32.Build.0 = Release|Win32
	EndGlobalSection
	GlobalSection(SolutionProperties) = preSolution
		HideSolutionNode = FALSE
	EndGlobalSection
EndGlobal
